
Microsoft Visual Studio Solution File, Format Version 12.00
Project("{FAE04EC0-301F-11D3-BF4B-00C04F79EFBC}") = "AdventOfCode2024", "AdventOfCode2024\AdventOfCode2024.csproj", "{20DCEE01-4CEB-434F-8CEE-E87A711F0E88}"
EndProject
Project("{FAE04EC0-301F-11D3-BF4B-00C04F79EFBC}") = "AdventOfCode2024Tests", "AdventOfCode2024Tests\AdventOfCode2024Tests.csproj", "{918F458E-B53F-4F1A-8661-5A101BA23F70}"
EndProject
Global
	GlobalSection(SolutionConfigurationPlatforms) = preSolution
		Debug|Any CPU = Debug|Any CPU
		Release|Any CPU = Release|Any CPU
	EndGlobalSection
	GlobalSection(ProjectConfigurationPlatforms) = postSolution
		{20DCEE01-4CEB-434F-8CEE-E87A711F0E88}.Debug|Any CPU.ActiveCfg = Debug|Any CPU
		{20DCEE01-4CEB-434F-8CEE-E87A711F0E88}.Debug|Any CPU.Build.0 = Debug|Any CPU
		{20DCEE01-4CEB-434F-8CEE-E87A711F0E88}.Release|Any CPU.ActiveCfg = Release|Any CPU
		{20DCEE01-4CEB-434F-8CEE-E87A711F0E88}.Release|Any CPU.Build.0 = Release|Any CPU
		{918F458E-B53F-4F1A-8661-5A101BA23F70}.Debug|Any CPU.ActiveCfg = Debug|Any CPU
		{918F458E-B53F-4F1A-8661-5A101BA23F70}.Debug|Any CPU.Build.0 = Debug|Any CPU
		{918F458E-B53F-4F1A-8661-5A101BA23F70}.Release|Any CPU.ActiveCfg = Release|Any CPU
		{918F458E-B53F-4F1A-8661-5A101BA23F70}.Release|Any CPU.Build.0 = Release|Any CPU
	EndGlobalSection
EndGlobal
